
Microsoft Visual Studio Solution File, Format Version 12.00
# Visual Studio Version 17
VisualStudioVersion = 17.7.34024.191
MinimumVisualStudioVersion = 10.0.40219.1
Project("{FAE04EC0-301F-11D3-BF4B-00C04F79EFBC}") = "CurrencyConverter_Static", "CurrencyConverter_Static\CurrencyConverter_Static.csproj", "{2F1A2F8A-295D-40D2-8E30-2037B3B73C21}"
EndProject
Global
	GlobalSection(SolutionConfigurationPlatforms) = preSolution
		Debug|Any CPU = Debug|Any CPU
		Release|Any CPU = Release|Any CPU
	EndGlobalSection
	GlobalSection(ProjectConfigurationPlatforms) = postSolution
		{2F1A2F8A-295D-40D2-8E30-2037B3B73C21}.Debug|Any CPU.ActiveCfg = Debug|Any CPU
		{2F1A2F8A-295D-40D2-8E30-2037B3B73C21}.Debug|Any CPU.Build.0 = Debug|Any CPU
		{2F1A2F8A-295D-40D2-8E30-2037B3B73C21}.Release|Any CPU.ActiveCfg = Release|Any CPU
		{2F1A2F8A-295D-40D2-8E30-2037B3B73C21}.Release|Any CPU.Build.0 = Release|Any CPU
	EndGlobalSection
	GlobalSection(SolutionProperties) = preSolution
		HideSolutionNode = FALSE
	EndGlobalSection
	GlobalSection(ExtensibilityGlobals) = postSolution
		SolutionGuid = {7AF15C48-8E16-4570-9DF2-6A544CA16596}
	EndGlobalSection
EndGlobal
